
Microsoft Visual Studio Solution File, Format Version 12.00
# Visual Studio Version 17
VisualStudioVersion = 17.0.31903.59
MinimumVisualStudioVersion = 10.0.40219.1
Project("{FAE04EC0-301F-11D3-BF4B-00C04F79EFBC}") = "Media", "Media\Media.csproj", "{AFCAA77E-9B15-41C3-B9CA-8A20AE9688FA}"
EndProject
Project("{FAE04EC0-301F-11D3-BF4B-00C04F79EFBC}") = "Fibonacci", "Fibonacci\Fibonacci.csproj", "{8EB50594-9B40-4E89-8A67-7180C1BF77BC}"
EndProject
Project("{FAE04EC0-301F-11D3-BF4B-00C04F79EFBC}") = "InverterPalavra", "InverterPalavra\InverterPalavra.csproj", "{7648CC72-BBF4-4857-B121-66C91931F5CB}"
EndProject
Project("{FAE04EC0-301F-11D3-BF4B-00C04F79EFBC}") = "Palindrome", "Palindrome\Palindrome.csproj", "{ED8ACC2D-F8F2-4590-8186-413AD2FB776F}"
EndProject
Project("{FAE04EC0-301F-11D3-BF4B-00C04F79EFBC}") = "Impares", "Impares\Impares.csproj", "{E03BEDA3-906C-4817-BAE5-EED7D5151B9A}"
EndProject
Project("{FAE04EC0-301F-11D3-BF4B-00C04F79EFBC}") = "OrdenarArray", "OrdenarArray\OrdenarArray.csproj", "{6DA2E0B9-CCC5-4EE8-8046-E79E980520F2}"
EndProject
Global
	GlobalSection(SolutionConfigurationPlatforms) = preSolution
		Debug|Any CPU = Debug|Any CPU
		Release|Any CPU = Release|Any CPU
	EndGlobalSection
	GlobalSection(SolutionProperties) = preSolution
		HideSolutionNode = FALSE
	EndGlobalSection
	GlobalSection(ProjectConfigurationPlatforms) = postSolution
		{AFCAA77E-9B15-41C3-B9CA-8A20AE9688FA}.Debug|Any CPU.ActiveCfg = Debug|Any CPU
		{AFCAA77E-9B15-41C3-B9CA-8A20AE9688FA}.Debug|Any CPU.Build.0 = Debug|Any CPU
		{AFCAA77E-9B15-41C3-B9CA-8A20AE9688FA}.Release|Any CPU.ActiveCfg = Release|Any CPU
		{AFCAA77E-9B15-41C3-B9CA-8A20AE9688FA}.Release|Any CPU.Build.0 = Release|Any CPU
		{8EB50594-9B40-4E89-8A67-7180C1BF77BC}.Debug|Any CPU.ActiveCfg = Debug|Any CPU
		{8EB50594-9B40-4E89-8A67-7180C1BF77BC}.Debug|Any CPU.Build.0 = Debug|Any CPU
		{8EB50594-9B40-4E89-8A67-7180C1BF77BC}.Release|Any CPU.ActiveCfg = Release|Any CPU
		{8EB50594-9B40-4E89-8A67-7180C1BF77BC}.Release|Any CPU.Build.0 = Release|Any CPU
		{7648CC72-BBF4-4857-B121-66C91931F5CB}.Debug|Any CPU.ActiveCfg = Debug|Any CPU
		{7648CC72-BBF4-4857-B121-66C91931F5CB}.Debug|Any CPU.Build.0 = Debug|Any CPU
		{7648CC72-BBF4-4857-B121-66C91931F5CB}.Release|Any CPU.ActiveCfg = Release|Any CPU
		{7648CC72-BBF4-4857-B121-66C91931F5CB}.Release|Any CPU.Build.0 = Release|Any CPU
		{ED8ACC2D-F8F2-4590-8186-413AD2FB776F}.Debug|Any CPU.ActiveCfg = Debug|Any CPU
		{ED8ACC2D-F8F2-4590-8186-413AD2FB776F}.Debug|Any CPU.Build.0 = Debug|Any CPU
		{ED8ACC2D-F8F2-4590-8186-413AD2FB776F}.Release|Any CPU.ActiveCfg = Release|Any CPU
		{ED8ACC2D-F8F2-4590-8186-413AD2FB776F}.Release|Any CPU.Build.0 = Release|Any CPU
		{E03BEDA3-906C-4817-BAE5-EED7D5151B9A}.Debug|Any CPU.ActiveCfg = Debug|Any CPU
		{E03BEDA3-906C-4817-BAE5-EED7D5151B9A}.Debug|Any CPU.Build.0 = Debug|Any CPU
		{E03BEDA3-906C-4817-BAE5-EED7D5151B9A}.Release|Any CPU.ActiveCfg = Release|Any CPU
		{E03BEDA3-906C-4817-BAE5-EED7D5151B9A}.Release|Any CPU.Build.0 = Release|Any CPU
		{6DA2E0B9-CCC5-4EE8-8046-E79E980520F2}.Debug|Any CPU.ActiveCfg = Debug|Any CPU
		{6DA2E0B9-CCC5-4EE8-8046-E79E980520F2}.Debug|Any CPU.Build.0 = Debug|Any CPU
		{6DA2E0B9-CCC5-4EE8-8046-E79E980520F2}.Release|Any CPU.ActiveCfg = Release|Any CPU
		{6DA2E0B9-CCC5-4EE8-8046-E79E980520F2}.Release|Any CPU.Build.0 = Release|Any CPU
	EndGlobalSection
EndGlobal
