
Microsoft Visual Studio Solution File, Format Version 12.00
# Visual Studio Version 17
VisualStudioVersion = 17.0.31903.59
MinimumVisualStudioVersion = 10.0.40219.1
Project("{FAE04EC0-301F-11D3-BF4B-00C04F79EFBC}") = "Exercicio1", "Exercicio1\Exercicio1.csproj", "{D3453672-E81C-46F4-8F2B-6BEE15CBDDA0}"
EndProject
Project("{FAE04EC0-301F-11D3-BF4B-00C04F79EFBC}") = "Exercicio2", "Exercicio2\Exercicio2.csproj", "{03235498-A716-40D3-888C-88FA9F1FA957}"
EndProject
Project("{FAE04EC0-301F-11D3-BF4B-00C04F79EFBC}") = "Exercicio3", "Exercicio3\Exercicio3.csproj", "{2CE3DA7B-F26D-4EB8-A58A-511A1D4CA73E}"
EndProject
Project("{FAE04EC0-301F-11D3-BF4B-00C04F79EFBC}") = "Exercicio4", "Exercicio4\Exercicio4.csproj", "{8F262234-A1B4-40BB-9AE7-E8820DA14218}"
EndProject
Project("{FAE04EC0-301F-11D3-BF4B-00C04F79EFBC}") = "Exercicio5", "Exercicio5\Exercicio5.csproj", "{27D214F0-6072-42F9-BC74-7664768DACED}"
EndProject
Project("{FAE04EC0-301F-11D3-BF4B-00C04F79EFBC}") = "Exercicio6", "Exercicio6\Exercicio6.csproj", "{1B89338C-ABE7-4C55-8799-1BCBEDDED65C}"
EndProject
Project("{FAE04EC0-301F-11D3-BF4B-00C04F79EFBC}") = "Exercicio7", "Exercicio7\Exercicio7.csproj", "{06C89BDD-95C9-42A5-92EB-FD7261FC443C}"
EndProject
Project("{FAE04EC0-301F-11D3-BF4B-00C04F79EFBC}") = "Exercicio8", "Exercicio8\Exercicio8.csproj", "{1E9ED679-1C33-43DE-AF53-05DF36712919}"
EndProject
Project("{FAE04EC0-301F-11D3-BF4B-00C04F79EFBC}") = "ExercicioExtra", "ExercicioExtra\ExercicioExtra.csproj", "{7C742C53-21AE-4470-A49A-0F7F63A05E15}"
EndProject
Global
	GlobalSection(SolutionConfigurationPlatforms) = preSolution
		Debug|Any CPU = Debug|Any CPU
		Release|Any CPU = Release|Any CPU
	EndGlobalSection
	GlobalSection(SolutionProperties) = preSolution
		HideSolutionNode = FALSE
	EndGlobalSection
	GlobalSection(ProjectConfigurationPlatforms) = postSolution
		{D3453672-E81C-46F4-8F2B-6BEE15CBDDA0}.Debug|Any CPU.ActiveCfg = Debug|Any CPU
		{D3453672-E81C-46F4-8F2B-6BEE15CBDDA0}.Debug|Any CPU.Build.0 = Debug|Any CPU
		{D3453672-E81C-46F4-8F2B-6BEE15CBDDA0}.Release|Any CPU.ActiveCfg = Release|Any CPU
		{D3453672-E81C-46F4-8F2B-6BEE15CBDDA0}.Release|Any CPU.Build.0 = Release|Any CPU
		{03235498-A716-40D3-888C-88FA9F1FA957}.Debug|Any CPU.ActiveCfg = Debug|Any CPU
		{03235498-A716-40D3-888C-88FA9F1FA957}.Debug|Any CPU.Build.0 = Debug|Any CPU
		{03235498-A716-40D3-888C-88FA9F1FA957}.Release|Any CPU.ActiveCfg = Release|Any CPU
		{03235498-A716-40D3-888C-88FA9F1FA957}.Release|Any CPU.Build.0 = Release|Any CPU
		{2CE3DA7B-F26D-4EB8-A58A-511A1D4CA73E}.Debug|Any CPU.ActiveCfg = Debug|Any CPU
		{2CE3DA7B-F26D-4EB8-A58A-511A1D4CA73E}.Debug|Any CPU.Build.0 = Debug|Any CPU
		{2CE3DA7B-F26D-4EB8-A58A-511A1D4CA73E}.Release|Any CPU.ActiveCfg = Release|Any CPU
		{2CE3DA7B-F26D-4EB8-A58A-511A1D4CA73E}.Release|Any CPU.Build.0 = Release|Any CPU
		{8F262234-A1B4-40BB-9AE7-E8820DA14218}.Debug|Any CPU.ActiveCfg = Debug|Any CPU
		{8F262234-A1B4-40BB-9AE7-E8820DA14218}.Debug|Any CPU.Build.0 = Debug|Any CPU
		{8F262234-A1B4-40BB-9AE7-E8820DA14218}.Release|Any CPU.ActiveCfg = Release|Any CPU
		{8F262234-A1B4-40BB-9AE7-E8820DA14218}.Release|Any CPU.Build.0 = Release|Any CPU
		{27D214F0-6072-42F9-BC74-7664768DACED}.Debug|Any CPU.ActiveCfg = Debug|Any CPU
		{27D214F0-6072-42F9-BC74-7664768DACED}.Debug|Any CPU.Build.0 = Debug|Any CPU
		{27D214F0-6072-42F9-BC74-7664768DACED}.Release|Any CPU.ActiveCfg = Release|Any CPU
		{27D214F0-6072-42F9-BC74-7664768DACED}.Release|Any CPU.Build.0 = Release|Any CPU
		{1B89338C-ABE7-4C55-8799-1BCBEDDED65C}.Debug|Any CPU.ActiveCfg = Debug|Any CPU
		{1B89338C-ABE7-4C55-8799-1BCBEDDED65C}.Debug|Any CPU.Build.0 = Debug|Any CPU
		{1B89338C-ABE7-4C55-8799-1BCBEDDED65C}.Release|Any CPU.ActiveCfg = Release|Any CPU
		{1B89338C-ABE7-4C55-8799-1BCBEDDED65C}.Release|Any CPU.Build.0 = Release|Any CPU
		{06C89BDD-95C9-42A5-92EB-FD7261FC443C}.Debug|Any CPU.ActiveCfg = Debug|Any CPU
		{06C89BDD-95C9-42A5-92EB-FD7261FC443C}.Debug|Any CPU.Build.0 = Debug|Any CPU
		{06C89BDD-95C9-42A5-92EB-FD7261FC443C}.Release|Any CPU.ActiveCfg = Release|Any CPU
		{06C89BDD-95C9-42A5-92EB-FD7261FC443C}.Release|Any CPU.Build.0 = Release|Any CPU
		{1E9ED679-1C33-43DE-AF53-05DF36712919}.Debug|Any CPU.ActiveCfg = Debug|Any CPU
		{1E9ED679-1C33-43DE-AF53-05DF36712919}.Debug|Any CPU.Build.0 = Debug|Any CPU
		{1E9ED679-1C33-43DE-AF53-05DF36712919}.Release|Any CPU.ActiveCfg = Release|Any CPU
		{1E9ED679-1C33-43DE-AF53-05DF36712919}.Release|Any CPU.Build.0 = Release|Any CPU
		{7C742C53-21AE-4470-A49A-0F7F63A05E15}.Debug|Any CPU.ActiveCfg = Debug|Any CPU
		{7C742C53-21AE-4470-A49A-0F7F63A05E15}.Debug|Any CPU.Build.0 = Debug|Any CPU
		{7C742C53-21AE-4470-A49A-0F7F63A05E15}.Release|Any CPU.ActiveCfg = Release|Any CPU
		{7C742C53-21AE-4470-A49A-0F7F63A05E15}.Release|Any CPU.Build.0 = Release|Any CPU
	EndGlobalSection
EndGlobal
