
Microsoft Visual Studio Solution File, Format Version 12.00
# Visual Studio Version 17
VisualStudioVersion = 17.0.31903.59
MinimumVisualStudioVersion = 10.0.40219.1
Project("{FAE04EC0-301F-11D3-BF4B-00C04F79EFBC}") = "Validar", "Validar\Validar.csproj", "{45FC3C41-2369-4A03-973C-743BDD6CA117}"
EndProject
Project("{FAE04EC0-301F-11D3-BF4B-00C04F79EFBC}") = "Media", "Media\Media.csproj", "{3E5C9DAA-34A1-448B-84D8-D0E8D5C1F316}"
EndProject
Project("{FAE04EC0-301F-11D3-BF4B-00C04F79EFBC}") = "Diferenca", "Diferenca\Diferenca.csproj", "{ED23837A-E178-4278-99AA-A8156280CE25}"
EndProject
Global
	GlobalSection(SolutionConfigurationPlatforms) = preSolution
		Debug|Any CPU = Debug|Any CPU
		Release|Any CPU = Release|Any CPU
	EndGlobalSection
	GlobalSection(SolutionProperties) = preSolution
		HideSolutionNode = FALSE
	EndGlobalSection
	GlobalSection(ProjectConfigurationPlatforms) = postSolution
		{45FC3C41-2369-4A03-973C-743BDD6CA117}.Debug|Any CPU.ActiveCfg = Debug|Any CPU
		{45FC3C41-2369-4A03-973C-743BDD6CA117}.Debug|Any CPU.Build.0 = Debug|Any CPU
		{45FC3C41-2369-4A03-973C-743BDD6CA117}.Release|Any CPU.ActiveCfg = Release|Any CPU
		{45FC3C41-2369-4A03-973C-743BDD6CA117}.Release|Any CPU.Build.0 = Release|Any CPU
		{3E5C9DAA-34A1-448B-84D8-D0E8D5C1F316}.Debug|Any CPU.ActiveCfg = Debug|Any CPU
		{3E5C9DAA-34A1-448B-84D8-D0E8D5C1F316}.Debug|Any CPU.Build.0 = Debug|Any CPU
		{3E5C9DAA-34A1-448B-84D8-D0E8D5C1F316}.Release|Any CPU.ActiveCfg = Release|Any CPU
		{3E5C9DAA-34A1-448B-84D8-D0E8D5C1F316}.Release|Any CPU.Build.0 = Release|Any CPU
		{ED23837A-E178-4278-99AA-A8156280CE25}.Debug|Any CPU.ActiveCfg = Debug|Any CPU
		{ED23837A-E178-4278-99AA-A8156280CE25}.Debug|Any CPU.Build.0 = Debug|Any CPU
		{ED23837A-E178-4278-99AA-A8156280CE25}.Release|Any CPU.ActiveCfg = Release|Any CPU
		{ED23837A-E178-4278-99AA-A8156280CE25}.Release|Any CPU.Build.0 = Release|Any CPU
	EndGlobalSection
EndGlobal
